lockfileVersion: '9.0'

settings:
  autoInstallPeers: true
  excludeLinksFromLockfile: false

importers:

  .:
    dependencies:
      passport-custom:
        specifier: ^1.1.1
        version: 1.1.1

packages:

  passport-custom@1.1.1:
    resolution: {integrity: sha512-/2m7jUGxmCYvoqenLB9UrmkCgPt64h8ZtV+UtuQklZ/Tn1NpKBeOorCYkB/8lMRoiZ5hUrCoMmDtxCS/d38mlg==}
    engines: {node: '>= 0.10.0'}

  passport-strategy@1.0.0:
    resolution: {integrity: sha512-CB97UUvDKJde2V0KDWWB3lyf6PC3FaZP7YxZ2G8OAtn9p4HI9j9JLP9qjOGZFvyl8uwNT8qM+hGnz/n16NI7oA==}
    engines: {node: '>= 0.4.0'}

snapshots:

  passport-custom@1.1.1:
    dependencies:
      passport-strategy: 1.0.0

  passport-strategy@1.0.0: {}
